apiVersion: storage.k8s.io/v1
kind: StorageClass
metadata:
  name: gluster-block
provisioner: gluster.org/glusterblock
allowVolumeExpansion: true
reclaimPolicy: Retain
parameters:
  resturl: "http://10.139.224.106:8080"
  restuser: "admin"
  restsecretNamespace: "default"
  restsecretname: "heketi-secret"
  opmode: "heketi"
  hacount: "1"
  #clusterids: "bd663e2d67877b5a5513ef7dbdfecd2b"
  chapauthenabled: "false"
  volumenameprefix: "datalake"
